
Microsoft Visual Studio Solution File, Format Version 12.00
# Visual Studio Version 17
VisualStudioVersion = 17.5.33502.453
MinimumVisualStudioVersion = 10.0.40219.1
Project("{FAE04EC0-301F-11D3-BF4B-00C04F79EFBC}") = "Loginprojesi", "Loginprojesi\Loginprojesi.csproj", "{453E7BB1-BB4D-4BF3-A41B-F285BB7257D5}"
EndProject
Global
	GlobalSection(SolutionConfigurationPlatforms) = preSolution
		Debug|Any CPU = Debug|Any CPU
		Release|Any CPU = Release|Any CPU
	EndGlobalSection
	GlobalSection(ProjectConfigurationPlatforms) = postSolution
		{453E7BB1-BB4D-4BF3-A41B-F285BB7257D5}.Debug|Any CPU.ActiveCfg = Debug|Any CPU
		{453E7BB1-BB4D-4BF3-A41B-F285BB7257D5}.Debug|Any CPU.Build.0 = Debug|Any CPU
		{453E7BB1-BB4D-4BF3-A41B-F285BB7257D5}.Release|Any CPU.ActiveCfg = Release|Any CPU
		{453E7BB1-BB4D-4BF3-A41B-F285BB7257D5}.Release|Any CPU.Build.0 = Release|Any CPU
	EndGlobalSection
	GlobalSection(SolutionProperties) = preSolution
		HideSolutionNode = FALSE
	EndGlobalSection
	GlobalSection(ExtensibilityGlobals) = postSolution
		SolutionGuid = {783CE077-0711-49B6-85E0-3FFCA654CD3B}
	EndGlobalSection
EndGlobal
